// !$*UTF8*$!
{
	archiveVersion = 1;
	classes = {
	};
	objectVersion = 46;
	objects = {

/* Begin PBXBuildFile section */
		FD1C2EDE1EABDAE000C14F59 /* FontExtension.swift in Sources */ = {isa = PBXBuildFile; fileRef = FD1C2EDD1EABDAE000C14F59 /* FontExtension.swift */; };
		FD2333D41EA6EECD00076B3E /* UpdateBookViewController.swift in Sources */ = {isa = PBXBuildFile; fileRef = FD2333D31EA6EECD00076B3E /* UpdateBookViewController.swift */; };
		FD2333D61EA8FADA00076B3E /* AlertControllerFactory.swift in Sources */ = {isa = PBXBuildFile; fileRef = FD2333D51EA8FADA00076B3E /* AlertControllerFactory.swift */; };
		FD2333D81EA9091500076B3E /* DateExtension.swift in Sources */ = {isa = PBXBuildFile; fileRef = FD2333D71EA9091500076B3E /* DateExtension.swift */; };
		FD4FEF551EA546A80023216B /* AppDelegate.swift in Sources */ = {isa = PBXBuildFile; fileRef = FD4FEF541EA546A80023216B /* AppDelegate.swift */; };
		FD4FEF571EA546A80023216B /* BookListViewController.swift in Sources */ = {isa = PBXBuildFile; fileRef = FD4FEF561EA546A80023216B /* BookListViewController.swift */; };
		FD4FEF5A1EA546A80023216B /* Main.storyboard in Resources */ = {isa = PBXBuildFile; fileRef = FD4FEF581EA546A80023216B /* Main.storyboard */; };
		FD4FEF5D1EA546A80023216B /* ProlificLibrary.xcdatamodeld in Sources */ = {isa = PBXBuildFile; fileRef = FD4FEF5B1EA546A80023216B /* ProlificLibrary.xcdatamodeld */; };
		FD4FEF5F1EA546A80023216B /* Assets.xcassets in Resources */ = {isa = PBXBuildFile; fileRef = FD4FEF5E1EA546A80023216B /* Assets.xcassets */; };
		FD4FEF621EA546A80023216B /* LaunchScreen.storyboard in Resources */ = {isa = PBXBuildFile; fileRef = FD4FEF601EA546A80023216B /* LaunchScreen.storyboard */; };
		FD4FEF6A1EA547CC0023216B /* ProlificAPI.swift in Sources */ = {isa = PBXBuildFile; fileRef = FD4FEF691EA547CC0023216B /* ProlificAPI.swift */; };
		FD4FEF6C1EA54A520023216B /* BooksManager.swift in Sources */ = {isa = PBXBuildFile; fileRef = FD4FEF6B1EA54A520023216B /* BooksManager.swift */; };
		FD4FEF6E1EA575540023216B /* Book.swift in Sources */ = {isa = PBXBuildFile; fileRef = FD4FEF6D1EA575540023216B /* Book.swift */; };
		FD4FEF701EA5ADCB0023216B /* DetailViewController.swift in Sources */ = {isa = PBXBuildFile; fileRef = FD4FEF6F1EA5ADCB0023216B /* DetailViewController.swift */; };
		FD4FEF721EA5AED80023216B /* AddBookViewController.swift in Sources */ = {isa = PBXBuildFile; fileRef = FD4FEF711EA5AED80023216B /* AddBookViewController.swift */; };
		FD4FEF741EA5B2000023216B /* BookListTableViewCell.swift in Sources */ = {isa = PBXBuildFile; fileRef = FD4FEF731EA5B2000023216B /* BookListTableViewCell.swift */; };
/* End PBXBuildFile section */

/* Begin PBXFileReference section */
		FD1C2EDD1EABDAE000C14F59 /* FontExtension.swift */ = {isa = PBXFileReference; fileEncoding = 4; lastKnownFileType = sourcecode.swift; path = FontExtension.swift; sourceTree = "<group>"; };
		FD2333D31EA6EECD00076B3E /* UpdateBookViewController.swift */ = {isa = PBXFileReference; fileEncoding = 4; lastKnownFileType = sourcecode.swift; path = UpdateBookViewController.swift; sourceTree = "<group>"; };
		FD2333D51EA8FADA00076B3E /* AlertControllerFactory.swift */ = {isa = PBXFileReference; fileEncoding = 4; lastKnownFileType = sourcecode.swift; path = AlertControllerFactory.swift; sourceTree = "<group>"; };
		FD2333D71EA9091500076B3E /* DateExtension.swift */ = {isa = PBXFileReference; fileEncoding = 4; lastKnownFileType = sourcecode.swift; path = DateExtension.swift; sourceTree = "<group>"; };
		FD4FEF511EA546A80023216B /* ProlificLibrary.app */ = {isa = PBXFileReference; explicitFileType = wrapper.application; includeInIndex = 0; path = ProlificLibrary.app; sourceTree = BUILT_PRODUCTS_DIR; };
		FD4FEF541EA546A80023216B /* AppDelegate.swift */ = {isa = PBXFileReference; lastKnownFileType = sourcecode.swift; path = AppDelegate.swift; sourceTree = "<group>"; };
		FD4FEF561EA546A80023216B /* BookListViewController.swift */ = {isa = PBXFileReference; lastKnownFileType = sourcecode.swift; path = BookListViewController.swift; sourceTree = "<group>"; };
		FD4FEF591EA546A80023216B /* Base */ = {isa = PBXFileReference; lastKnownFileType = file.storyboard; name = Base; path = Base.lproj/Main.storyboard; sourceTree = "<group>"; };
		FD4FEF5C1EA546A80023216B /* ProlificLibrary.xcdatamodel */ = {isa = PBXFileReference; lastKnownFileType = wrapper.xcdatamodel; path = ProlificLibrary.xcdatamodel; sourceTree = "<group>"; };
		FD4FEF5E1EA546A80023216B /* Assets.xcassets */ = {isa = PBXFileReference; lastKnownFileType = folder.assetcatalog; path = Assets.xcassets; sourceTree = "<group>"; };
		FD4FEF611EA546A80023216B /* Base */ = {isa = PBXFileReference; lastKnownFileType = file.storyboard; name = Base; path = Base.lproj/LaunchScreen.storyboard; sourceTree = "<group>"; };
		FD4FEF631EA546A80023216B /* Info.plist */ = {isa = PBXFileReference; lastKnownFileType = text.plist.xml; path = Info.plist; sourceTree = "<group>"; };
		FD4FEF691EA547CC0023216B /* ProlificAPI.swift */ = {isa = PBXFileReference; fileEncoding = 4; lastKnownFileType = sourcecode.swift; path = ProlificAPI.swift; sourceTree = "<group>"; };
		FD4FEF6B1EA54A520023216B /* BooksManager.swift */ = {isa = PBXFileReference; fileEncoding = 4; lastKnownFileType = sourcecode.swift; path = BooksManager.swift; sourceTree = "<group>"; };
		FD4FEF6D1EA575540023216B /* Book.swift */ = {isa = PBXFileReference; fileEncoding = 4; lastKnownFileType = sourcecode.swift; path = Book.swift; sourceTree = "<group>"; };
		FD4FEF6F1EA5ADCB0023216B /* DetailViewController.swift */ = {isa = PBXFileReference; fileEncoding = 4; lastKnownFileType = sourcecode.swift; path = DetailViewController.swift; sourceTree = "<group>"; };
		FD4FEF711EA5AED80023216B /* AddBookViewController.swift */ = {isa = PBXFileReference; fileEncoding = 4; lastKnownFileType = sourcecode.swift; path = AddBookViewController.swift; sourceTree = "<group>"; };
		FD4FEF731EA5B2000023216B /* BookListTableViewCell.swift */ = {isa = PBXFileReference; fileEncoding = 4; lastKnownFileType = sourcecode.swift; path = BookListTableViewCell.swift; sourceTree = "<group>"; };
/* End PBXFileReference section */

/* Begin PBXFrameworksBuildPhase section */
		FD4FEF4E1EA546A80023216B /* Frameworks */ = {
			isa = PBXFrameworksBuildPhase;
			buildActionMask = 2147483647;
			files = (
			);
			runOnlyForDeploymentPostprocessing = 0;
		};
/* End PBXFrameworksBuildPhase section */

/* Begin PBXGroup section */
		FD1C2ED91EABD2CD00C14F59 /* SupportMethods */ = {
			isa = PBXGroup;
			children = (
				FD4FEF691EA547CC0023216B /* ProlificAPI.swift */,
				FD2333D51EA8FADA00076B3E /* AlertControllerFactory.swift */,
				FD2333D71EA9091500076B3E /* DateExtension.swift */,
				FD1C2EDD1EABDAE000C14F59 /* FontExtension.swift */,
			);
			name = SupportMethods;
			sourceTree = "<group>";
		};
		FD1C2EDA1EABD2EA00C14F59 /* Model */ = {
			isa = PBXGroup;
			children = (
				FD4FEF6B1EA54A520023216B /* BooksManager.swift */,
				FD4FEF6D1EA575540023216B /* Book.swift */,
			);
			name = Model;
			sourceTree = "<group>";
		};
		FD1C2EDB1EABD35C00C14F59 /* Controllers */ = {
			isa = PBXGroup;
			children = (
				FD4FEF561EA546A80023216B /* BookListViewController.swift */,
				FD4FEF6F1EA5ADCB0023216B /* DetailViewController.swift */,
				FD4FEF711EA5AED80023216B /* AddBookViewController.swift */,
				FD2333D31EA6EECD00076B3E /* UpdateBookViewController.swift */,
			);
			name = Controllers;
			sourceTree = "<group>";
		};
		FD1C2EDC1EABD3CB00C14F59 /* View */ = {
			isa = PBXGroup;
			children = (
				FD4FEF731EA5B2000023216B /* BookListTableViewCell.swift */,
			);
			name = View;
			sourceTree = "<group>";
		};
		FD4FEF481EA546A80023216B = {
			isa = PBXGroup;
			children = (
				FD4FEF531EA546A80023216B /* ProlificLibrary */,
				FD4FEF521EA546A80023216B /* Products */,
			);
			sourceTree = "<group>";
		};
		FD4FEF521EA546A80023216B /* Products */ = {
			isa = PBXGroup;
			children = (
				FD4FEF511EA546A80023216B /* ProlificLibrary.app */,
			);
			name = Products;
			sourceTree = "<group>";
		};
		FD4FEF531EA546A80023216B /* ProlificLibrary */ = {
			isa = PBXGroup;
			children = (
				FD4FEF541EA546A80023216B /* AppDelegate.swift */,
				FD1C2EDA1EABD2EA00C14F59 /* Model */,
				FD1C2EDC1EABD3CB00C14F59 /* View */,
				FD1C2EDB1EABD35C00C14F59 /* Controllers */,
				FD1C2ED91EABD2CD00C14F59 /* SupportMethods */,
				FD4FEF581EA546A80023216B /* Main.storyboard */,
				FD4FEF5E1EA546A80023216B /* Assets.xcassets */,
				FD4FEF601EA546A80023216B /* LaunchScreen.storyboard */,
				FD4FEF631EA546A80023216B /* Info.plist */,
				FD4FEF5B1EA546A80023216B /* ProlificLibrary.xcdatamodeld */,
			);
			path = ProlificLibrary;
			sourceTree = "<group>";
		};
/* End PBXGroup section */

/* Begin PBXNativeTarget section */
		FD4FEF501EA546A80023216B /* ProlificLibrary */ = {
			isa = PBXNativeTarget;
			buildConfigurationList = FD4FEF661EA546A80023216B /* Build configuration list for PBXNativeTarget "ProlificLibrary" */;
			buildPhases = (
				FD4FEF4D1EA546A80023216B /* Sources */,
				FD4FEF4E1EA546A80023216B /* Frameworks */,
				FD4FEF4F1EA546A80023216B /* Resources */,
			);
			buildRules = (
			);
			dependencies = (
			);
			name = ProlificLibrary;
			productName = ProlificLibrary;
			productReference = FD4FEF511EA546A80023216B /* ProlificLibrary.app */;
			productType = "com.apple.product-type.application";
		};
/* End PBXNativeTarget section */

/* Begin PBXProject section */
		FD4FEF491EA546A80023216B /* Project object */ = {
			isa = PBXProject;
			attributes = {
				LastSwiftUpdateCheck = 0830;
				LastUpgradeCheck = 0830;
				ORGANIZATIONNAME = "Benjamin Su";
				TargetAttributes = {
					FD4FEF501EA546A80023216B = {
						CreatedOnToolsVersion = 8.3.1;
						DevelopmentTeam = Y7JKK8T2ED;
						ProvisioningStyle = Automatic;
					};
				};
			};
			buildConfigurationList = FD4FEF4C1EA546A80023216B /* Build configuration list for PBXProject "ProlificLibrary" */;
			compatibilityVersion = "Xcode 3.2";
			developmentRegion = English;
			hasScannedForEncodings = 0;
			knownRegions = (
				en,
				Base,
			);
			mainGroup = FD4FEF481EA546A80023216B;
			productRefGroup = FD4FEF521EA546A80023216B /* Products */;
			projectDirPath = "";
			projectRoot = "";
			targets = (
				FD4FEF501EA546A80023216B /* ProlificLibrary */,
			);
		};
/* End PBXProject section */

/* Begin PBXResourcesBuildPhase section */
		FD4FEF4F1EA546A80023216B /* Resources */ = {
			isa = PBXResourcesBuildPhase;
			buildActionMask = 2147483647;
			files = (
				FD4FEF621EA546A80023216B /* LaunchScreen.storyboard in Resources */,
				FD4FEF5F1EA546A80023216B /* Assets.xcassets in Resources */,
				FD4FEF5A1EA546A80023216B /* Main.storyboard in Resources */,
			);
			runOnlyForDeploymentPostprocessing = 0;
		};
/* End PBXResourcesBuildPhase section */

/* Begin PBXSourcesBuildPhase section */
		FD4FEF4D1EA546A80023216B /* Sources */ = {
			isa = PBXSourcesBuildPhase;
			buildActionMask = 2147483647;
			files = (
				FD4FEF571EA546A80023216B /* BookListViewController.swift in Sources */,
				FD2333D81EA9091500076B3E /* DateExtension.swift in Sources */,
				FD4FEF721EA5AED80023216B /* AddBookViewController.swift in Sources */,
				FD4FEF6A1EA547CC0023216B /* ProlificAPI.swift in Sources */,
				FD4FEF6E1EA575540023216B /* Book.swift in Sources */,
				FD2333D41EA6EECD00076B3E /* UpdateBookViewController.swift in Sources */,
				FD4FEF741EA5B2000023216B /* BookListTableViewCell.swift in Sources */,
				FD4FEF6C1EA54A520023216B /* BooksManager.swift in Sources */,
				FD4FEF5D1EA546A80023216B /* ProlificLibrary.xcdatamodeld in Sources */,
				FD2333D61EA8FADA00076B3E /* AlertControllerFactory.swift in Sources */,
				FD4FEF551EA546A80023216B /* AppDelegate.swift in Sources */,
				FD1C2EDE1EABDAE000C14F59 /* FontExtension.swift in Sources */,
				FD4FEF701EA5ADCB0023216B /* DetailViewController.swift in Sources */,
			);
			runOnlyForDeploymentPostprocessing = 0;
		};
/* End PBXSourcesBuildPhase section */

/* Begin PBXVariantGroup section */
		FD4FEF581EA546A80023216B /* Main.storyboard */ = {
			isa = PBXVariantGroup;
			children = (
				FD4FEF591EA546A80023216B /* Base */,
			);
			name = Main.storyboard;
			sourceTree = "<group>";
		};
		FD4FEF601EA546A80023216B /* LaunchScreen.storyboard */ = {
			isa = PBXVariantGroup;
			children = (
				FD4FEF611EA546A80023216B /* Base */,
			);
			name = LaunchScreen.storyboard;
			sourceTree = "<group>";
		};
/* End PBXVariantGroup section */

/* Begin XCBuildConfiguration section */
		FD4FEF641EA546A80023216B /* Debug */ = {
			isa = XCBuildConfiguration;
			buildSettings = {
				ALWAYS_SEARCH_USER_PATHS = NO;
				CLANG_ANALYZER_NONNULL = YES;
				CLANG_ANALYZER_NUMBER_OBJECT_CONVERSION = YES_AGGRESSIVE;
				CLANG_CXX_LANGUAGE_STANDARD = "gnu++0x";
				CLANG_CXX_LIBRARY = "libc++";
				CLANG_ENABLE_MODULES = YES;
				CLANG_ENABLE_OBJC_ARC = YES;
				CLANG_WARN_BOOL_CONVERSION = YES;
				CLANG_WARN_CONSTANT_CONVERSION = YES;
				CLANG_WARN_DIRECT_OBJC_ISA_USAGE = YES_ERROR;
				CLANG_WARN_DOCUMENTATION_COMMENTS = YES;
				CLANG_WARN_EMPTY_BODY = YES;
				CLANG_WARN_ENUM_CONVERSION = YES;
				CLANG_WARN_INFINITE_RECURSION = YES;
				CLANG_WARN_INT_CONVERSION = YES;
				CLANG_WARN_OBJC_ROOT_CLASS = YES_ERROR;
				CLANG_WARN_SUSPICIOUS_MOVE = YES;
				CLANG_WARN_UNREACHABLE_CODE = YES;
				CLANG_WARN__DUPLICATE_METHOD_MATCH = YES;
				"CODE_SIGN_IDENTITY[sdk=iphoneos*]" = "iPhone Developer";
				COPY_PHASE_STRIP = NO;
				DEBUG_INFORMATION_FORMAT = dwarf;
				ENABLE_STRICT_OBJC_MSGSEND = YES;
				ENABLE_TESTABILITY = YES;
				GCC_C_LANGUAGE_STANDARD = gnu99;
				GCC_DYNAMIC_NO_PIC = NO;
				GCC_NO_COMMON_BLOCKS = YES;
				GCC_OPTIMIZATION_LEVEL = 0;
				GCC_PREPROCESSOR_DEFINITIONS = (
					"DEBUG=1",
					"$(inherited)",
				);
				GCC_WARN_64_TO_32_BIT_CONVERSION = YES;
				GCC_WARN_ABOUT_RETURN_TYPE = YES_ERROR;
				GCC_WARN_UNDECLARED_SELECTOR = YES;
				GCC_WARN_UNINITIALIZED_AUTOS = YES_AGGRESSIVE;
				GCC_WARN_UNUSED_FUNCTION = YES;
				GCC_WARN_UNUSED_VARIABLE = YES;
				IPHONEOS_DEPLOYMENT_TARGET = 10.3;
				MTL_ENABLE_DEBUG_INFO = YES;
				ONLY_ACTIVE_ARCH = YES;
				SDKROOT = iphoneos;
				SWIFT_ACTIVE_COMPILATION_CONDITIONS = DEBUG;
				SWIFT_OPTIMIZATION_LEVEL = "-Onone";
				TARGETED_DEVICE_FAMILY = "1,2";
			};
			name = Debug;
		};
		FD4FEF651EA546A80023216B /* Release */ = {
			isa = XCBuildConfiguration;
			buildSettings = {
				ALWAYS_SEARCH_USER_PATHS = NO;
				CLANG_ANALYZER_NONNULL = YES;
				CLANG_ANALYZER_NUMBER_OBJECT_CONVERSION = YES_AGGRESSIVE;
				CLANG_CXX_LANGUAGE_STANDARD = "gnu++0x";
				CLANG_CXX_LIBRARY = "libc++";
				CLANG_ENABLE_MODULES = YES;
				CLANG_ENABLE_OBJC_ARC = YES;
				CLANG_WARN_BOOL_CONVERSION = YES;
				CLANG_WARN_CONSTANT_CONVERSION = YES;
				CLANG_WARN_DIRECT_OBJC_ISA_USAGE = YES_ERROR;
				CLANG_WARN_DOCUMENTATION_COMMENTS = YES;
				CLANG_WARN_EMPTY_BODY = YES;
				CLANG_WARN_ENUM_CONVERSION = YES;
				CLANG_WARN_INFINITE_RECURSION = YES;
				CLANG_WARN_INT_CONVERSION = YES;
				CLANG_WARN_OBJC_ROOT_CLASS = YES_ERROR;
				CLANG_WARN_SUSPICIOUS_MOVE = YES;
				CLANG_WARN_UNREACHABLE_CODE = YES;
				CLANG_WARN__DUPLICATE_METHOD_MATCH = YES;
				"CODE_SIGN_IDENTITY[sdk=iphoneos*]" = "iPhone Developer";
				COPY_PHASE_STRIP = NO;
				DEBUG_INFORMATION_FORMAT = "dwarf-with-dsym";
				ENABLE_NS_ASSERTIONS = NO;
				ENABLE_STRICT_OBJC_MSGSEND = YES;
				GCC_C_LANGUAGE_STANDARD = gnu99;
				GCC_NO_COMMON_BLOCKS = YES;
				GCC_WARN_64_TO_32_BIT_CONVERSION = YES;
				GCC_WARN_ABOUT_RETURN_TYPE = YES_ERROR;
				GCC_WARN_UNDECLARED_SELECTOR = YES;
				GCC_WARN_UNINITIALIZED_AUTOS = YES_AGGRESSIVE;
				GCC_WARN_UNUSED_FUNCTION = YES;
				GCC_WARN_UNUSED_VARIABLE = YES;
				IPHONEOS_DEPLOYMENT_TARGET = 10.3;
				MTL_ENABLE_DEBUG_INFO = NO;
				SDKROOT = iphoneos;
				SWIFT_OPTIMIZATION_LEVEL = "-Owholemodule";
				TARGETED_DEVICE_FAMILY = "1,2";
				VALIDATE_PRODUCT = YES;
			};
			name = Release;
		};
		FD4FEF671EA546A80023216B /* Debug */ = {
			isa = XCBuildConfiguration;
			buildSettings = {
				ASSETCATALOG_COMPILER_APPICON_NAME = AppIcon;
				DEVELOPMENT_TEAM = Y7JKK8T2ED;
				INFOPLIST_FILE = ProlificLibrary/Info.plist;
				LD_RUNPATH_SEARCH_PATHS = "$(inherited) @executable_path/Frameworks";
				PRODUCT_BUNDLE_IDENTIFIER = BS.ProlificLibrary;
				PRODUCT_NAME = "$(TARGET_NAME)";
				SWIFT_VERSION = 3.0;
			};
			name = Debug;
		};
		FD4FEF681EA546A80023216B /* Release */ = {
			isa = XCBuildConfiguration;
			buildSettings = {
				ASSETCATALOG_COMPILER_APPICON_NAME = AppIcon;
				DEVELOPMENT_TEAM = Y7JKK8T2ED;
				INFOPLIST_FILE = ProlificLibrary/Info.plist;
				LD_RUNPATH_SEARCH_PATHS = "$(inherited) @executable_path/Frameworks";
				PRODUCT_BUNDLE_IDENTIFIER = BS.ProlificLibrary;
				PRODUCT_NAME = "$(TARGET_NAME)";
				SWIFT_VERSION = 3.0;
			};
			name = Release;
		};
/* End XCBuildConfiguration section */

/* Begin XCConfigurationList section */
		FD4FEF4C1EA546A80023216B /* Build configuration list for PBXProject "ProlificLibrary" */ = {
			isa = XCConfigurationList;
			buildConfigurations = (
				FD4FEF641EA546A80023216B /* Debug */,
				FD4FEF651EA546A80023216B /* Release */,
			);
			defaultConfigurationIsVisible = 0;
			defaultConfigurationName = Release;
		};
		FD4FEF661EA546A80023216B /* Build configuration list for PBXNativeTarget "ProlificLibrary" */ = {
			isa = XCConfigurationList;
			buildConfigurations = (
				FD4FEF671EA546A80023216B /* Debug */,
				FD4FEF681EA546A80023216B /* Release */,
			);
			defaultConfigurationIsVisible = 0;
			defaultConfigurationName = Release;
		};
/* End XCConfigurationList section */

/* Begin XCVersionGroup section */
		FD4FEF5B1EA546A80023216B /* ProlificLibrary.xcdatamodeld */ = {
			isa = XCVersionGroup;
			children = (
				FD4FEF5C1EA546A80023216B /* ProlificLibrary.xcdatamodel */,
			);
			currentVersion = FD4FEF5C1EA546A80023216B /* ProlificLibrary.xcdatamodel */;
			path = ProlificLibrary.xcdatamodeld;
			sourceTree = "<group>";
			versionGroupType = wrapper.xcdatamodel;
		};
/* End XCVersionGroup section */
	};
	rootObject = FD4FEF491EA546A80023216B /* Project object */;
}
